schema: '2.0'
stages:
  load_data:
    cmd: python -m src.data_loading.load_data
    deps:
    - path: src/data_loading/load_data.py
      hash: md5
      md5: 78c5ca802672b0e9e4966b93fa1a4ea5
      size: 1484
    outs:
    - path: data/raw/raw.csv
      hash: md5
      md5: 05bb92e572c7243837ff862f1ab0b1a8
      size: 116187
  preprocess_data:
    cmd: python -m src.data_preprocessing.preprocess_data
    deps:
    - path: data/raw/raw.csv
      hash: md5
      md5: 05bb92e572c7243837ff862f1ab0b1a8
      size: 116187
    - path: src/data_preprocessing/preprocess_data.py
      hash: md5
      md5: 727f22f9650a9dfb2b1a217912d46034
      size: 3993
    params:
      params.yaml:
        preprocess_data.random_seed: 42
        preprocess_data.test_size: 0.2
    outs:
    - path: artifacts/[features]_mean_imputer.joblib
      hash: md5
      md5: c1afb36e8e61562673c54f2d47ee4401
      size: 1511
    - path: data/preprocessed/test_preprocessed.csv
      hash: md5
      md5: f7fbc72c10f0aefdbb23172447bf3129
      size: 26742
    - path: data/preprocessed/train_preprocessed.csv
      hash: md5
      md5: 9fada9857efaa0a0eb746c9eb22436d2
      size: 106040
  engineer_features:
    cmd: python -m src.feature_engineering.engineer_features
    deps:
    - path: data/preprocessed/test_preprocessed.csv
      hash: md5
      md5: f7fbc72c10f0aefdbb23172447bf3129
      size: 26742
    - path: data/preprocessed/train_preprocessed.csv
      hash: md5
      md5: 9fada9857efaa0a0eb746c9eb22436d2
      size: 106040
    - path: src/feature_engineering/engineer_features.py
      hash: md5
      md5: f8446b81a185b5c5d4b06fd60a3b9b9f
      size: 3052
    outs:
    - path: artifacts/[features]_scaler.joblib
      hash: md5
      md5: 92dbf7ec6dd6ccc65e20dec0e67246e8
      size: 2135
    - path: data/processed/test_processed.csv
      hash: md5
      md5: 61337c2b003a12842ccc4f76c033986f
      size: 67724
    - path: data/processed/train_processed.csv
      hash: md5
      md5: a8ccc37bf570dd68f4701493039caaff
      size: 269100
  train:
    cmd: python -m src.model_training.train_model
    deps:
    - path: data/processed/train_processed.csv
      hash: md5
      md5: a8ccc37bf570dd68f4701493039caaff
      size: 269100
    - path: src/model_training/train_model.py
      hash: md5
      md5: 16882d4d228f2794f649f09e0a9c36fc
      size: 5302
    params:
      params.yaml:
        train.batch_size: 32
        train.dropout_rate: 0.3
        train.epochs: 100
        train.hidden_layer_1_neurons: 64
        train.hidden_layer_2_neurons: 32
        train.learning_rate: 0.001
    outs:
    - path: artifacts/[target]_one_hot_encoder.joblib
      hash: md5
      md5: 9c68e41a114fdb0985121e8d89f055bc
      size: 617
    - path: metrics/training.json
      hash: md5
      md5: f8206bb356e3767cc3d8f426ca135231
      size: 140
    - path: models/model.keras
      hash: md5
      md5: d038917a74fe97145c159dcc3d65178c
      size: 79417
  evaluate:
    cmd: python -m src.model_evaluation.evaluate_model
    deps:
    - path: artifacts/[target]_one_hot_encoder.joblib
      hash: md5
      md5: 9c68e41a114fdb0985121e8d89f055bc
      size: 617
    - path: data/processed/test_processed.csv
      hash: md5
      md5: 61337c2b003a12842ccc4f76c033986f
      size: 67724
    - path: models/model.keras
      hash: md5
      md5: d038917a74fe97145c159dcc3d65178c
      size: 79417
    - path: src/model_evaluation/evaluate_model.py
      hash: md5
      md5: 1300021eeca5193c758efb74cfff4814
      size: 2514
    outs:
    - path: metrics/evaluation.json
      hash: md5
      md5: e7ddf12ed830517032993b8f13337028
      size: 599
